
Microsoft Visual Studio Solution File, Format Version 12.00
# Visual Studio Version 16
VisualStudioVersion = 16.0.30406.217
MinimumVisualStudioVersion = 10.0.40219.1
Project("{FAE04EC0-301F-11D3-BF4B-00C04F79EFBC}") = "FF14Ping", "FF14Ping.csproj", "{7570A778-121E-424C-815C-7A11BA8C3E98}"
EndProject
Global
	GlobalSection(SolutionConfigurationPlatforms) = preSolution
		Debug|Any CPU = Debug|Any CPU
		Release|Any CPU = Release|Any CPU
	EndGlobalSection
	GlobalSection(ProjectConfigurationPlatforms) = postSolution
		{7570A778-121E-424C-815C-7A11BA8C3E98}.Debug|Any CPU.ActiveCfg = Debug|Any CPU
		{7570A778-121E-424C-815C-7A11BA8C3E98}.Debug|Any CPU.Build.0 = Debug|Any CPU
		{7570A778-121E-424C-815C-7A11BA8C3E98}.Release|Any CPU.ActiveCfg = Release|Any CPU
		{7570A778-121E-424C-815C-7A11BA8C3E98}.Release|Any CPU.Build.0 = Release|Any CPU
	EndGlobalSection
	GlobalSection(SolutionProperties) = preSolution
		HideSolutionNode = FALSE
	EndGlobalSection
	GlobalSection(ExtensibilityGlobals) = postSolution
		SolutionGuid = {95CC5849-3D89-4346-BA11-EC672BCC0694}
	EndGlobalSection
EndGlobal
